
Microsoft Visual Studio Solution File, Format Version 12.00
# Visual Studio Version 17
VisualStudioVersion = 17.6.33829.357
MinimumVisualStudioVersion = 10.0.40219.1
Project("{FAE04EC0-301F-11D3-BF4B-00C04F79EFBC}") = "nomor9", "nomor9\nomor9.csproj", "{AB68EFD4-5644-4075-BFBF-2691AD185882}"
EndProject
Global
	GlobalSection(SolutionConfigurationPlatforms) = preSolution
		Debug|Any CPU = Debug|Any CPU
		Release|Any CPU = Release|Any CPU
	EndGlobalSection
	GlobalSection(ProjectConfigurationPlatforms) = postSolution
		{AB68EFD4-5644-4075-BFBF-2691AD185882}.Debug|Any CPU.ActiveCfg = Debug|Any CPU
		{AB68EFD4-5644-4075-BFBF-2691AD185882}.Debug|Any CPU.Build.0 = Debug|Any CPU
		{AB68EFD4-5644-4075-BFBF-2691AD185882}.Release|Any CPU.ActiveCfg = Release|Any CPU
		{AB68EFD4-5644-4075-BFBF-2691AD185882}.Release|Any CPU.Build.0 = Release|Any CPU
	EndGlobalSection
	GlobalSection(SolutionProperties) = preSolution
		HideSolutionNode = FALSE
	EndGlobalSection
	GlobalSection(ExtensibilityGlobals) = postSolution
		SolutionGuid = {5CC58018-D877-4019-8840-C26BAACF04B2}
	EndGlobalSection
EndGlobal
