
Microsoft Visual Studio Solution File, Format Version 12.00
# Visual Studio Version 17
VisualStudioVersion = 17.6.33829.357
MinimumVisualStudioVersion = 10.0.40219.1
Project("{FAE04EC0-301F-11D3-BF4B-00C04F79EFBC}") = "nomor10", "nomor10\nomor10.csproj", "{094B1E79-50AF-4CE4-9345-9F2FD9F1C81C}"
EndProject
Global
	GlobalSection(SolutionConfigurationPlatforms) = preSolution
		Debug|Any CPU = Debug|Any CPU
		Release|Any CPU = Release|Any CPU
	EndGlobalSection
	GlobalSection(ProjectConfigurationPlatforms) = postSolution
		{094B1E79-50AF-4CE4-9345-9F2FD9F1C81C}.Debug|Any CPU.ActiveCfg = Debug|Any CPU
		{094B1E79-50AF-4CE4-9345-9F2FD9F1C81C}.Debug|Any CPU.Build.0 = Debug|Any CPU
		{094B1E79-50AF-4CE4-9345-9F2FD9F1C81C}.Release|Any CPU.ActiveCfg = Release|Any CPU
		{094B1E79-50AF-4CE4-9345-9F2FD9F1C81C}.Release|Any CPU.Build.0 = Release|Any CPU
	EndGlobalSection
	GlobalSection(SolutionProperties) = preSolution
		HideSolutionNode = FALSE
	EndGlobalSection
	GlobalSection(ExtensibilityGlobals) = postSolution
		SolutionGuid = {2758C49A-4402-4E95-809E-6FE4020987A0}
	EndGlobalSection
EndGlobal
