
Microsoft Visual Studio Solution File, Format Version 12.00
# Visual Studio Version 17
VisualStudioVersion = 17.6.33829.357
MinimumVisualStudioVersion = 10.0.40219.1
Project("{FAE04EC0-301F-11D3-BF4B-00C04F79EFBC}") = "nomor14", "nomor14\nomor14.csproj", "{71494548-F2E6-4547-8141-EFB60AC1DBE7}"
EndProject
Global
	GlobalSection(SolutionConfigurationPlatforms) = preSolution
		Debug|Any CPU = Debug|Any CPU
		Release|Any CPU = Release|Any CPU
	EndGlobalSection
	GlobalSection(ProjectConfigurationPlatforms) = postSolution
		{71494548-F2E6-4547-8141-EFB60AC1DBE7}.Debug|Any CPU.ActiveCfg = Debug|Any CPU
		{71494548-F2E6-4547-8141-EFB60AC1DBE7}.Debug|Any CPU.Build.0 = Debug|Any CPU
		{71494548-F2E6-4547-8141-EFB60AC1DBE7}.Release|Any CPU.ActiveCfg = Release|Any CPU
		{71494548-F2E6-4547-8141-EFB60AC1DBE7}.Release|Any CPU.Build.0 = Release|Any CPU
	EndGlobalSection
	GlobalSection(SolutionProperties) = preSolution
		HideSolutionNode = FALSE
	EndGlobalSection
	GlobalSection(ExtensibilityGlobals) = postSolution
		SolutionGuid = {A0A2B48A-7ACE-4115-94C3-18A7949FF979}
	EndGlobalSection
EndGlobal
