
Microsoft Visual Studio Solution File, Format Version 12.00
# Visual Studio Version 17
VisualStudioVersion = 17.6.33829.357
MinimumVisualStudioVersion = 10.0.40219.1
Project("{FAE04EC0-301F-11D3-BF4B-00C04F79EFBC}") = "nomor8", "nomor8\nomor8.csproj", "{A682563F-2FF5-476C-9582-2C0C73B86909}"
EndProject
Global
	GlobalSection(SolutionConfigurationPlatforms) = preSolution
		Debug|Any CPU = Debug|Any CPU
		Release|Any CPU = Release|Any CPU
	EndGlobalSection
	GlobalSection(ProjectConfigurationPlatforms) = postSolution
		{A682563F-2FF5-476C-9582-2C0C73B86909}.Debug|Any CPU.ActiveCfg = Debug|Any CPU
		{A682563F-2FF5-476C-9582-2C0C73B86909}.Debug|Any CPU.Build.0 = Debug|Any CPU
		{A682563F-2FF5-476C-9582-2C0C73B86909}.Release|Any CPU.ActiveCfg = Release|Any CPU
		{A682563F-2FF5-476C-9582-2C0C73B86909}.Release|Any CPU.Build.0 = Release|Any CPU
	EndGlobalSection
	GlobalSection(SolutionProperties) = preSolution
		HideSolutionNode = FALSE
	EndGlobalSection
	GlobalSection(ExtensibilityGlobals) = postSolution
		SolutionGuid = {62CAB5DB-3488-41DC-8429-CAE583861056}
	EndGlobalSection
EndGlobal
