
Microsoft Visual Studio Solution File, Format Version 12.00
# Visual Studio Version 17
VisualStudioVersion = 17.6.33829.357
MinimumVisualStudioVersion = 10.0.40219.1
Project("{FAE04EC0-301F-11D3-BF4B-00C04F79EFBC}") = "nomor15", "nomor15\nomor15.csproj", "{75C5EC2F-A307-4EB4-B851-3C2780329A94}"
EndProject
Global
	GlobalSection(SolutionConfigurationPlatforms) = preSolution
		Debug|Any CPU = Debug|Any CPU
		Release|Any CPU = Release|Any CPU
	EndGlobalSection
	GlobalSection(ProjectConfigurationPlatforms) = postSolution
		{75C5EC2F-A307-4EB4-B851-3C2780329A94}.Debug|Any CPU.ActiveCfg = Debug|Any CPU
		{75C5EC2F-A307-4EB4-B851-3C2780329A94}.Debug|Any CPU.Build.0 = Debug|Any CPU
		{75C5EC2F-A307-4EB4-B851-3C2780329A94}.Release|Any CPU.ActiveCfg = Release|Any CPU
		{75C5EC2F-A307-4EB4-B851-3C2780329A94}.Release|Any CPU.Build.0 = Release|Any CPU
	EndGlobalSection
	GlobalSection(SolutionProperties) = preSolution
		HideSolutionNode = FALSE
	EndGlobalSection
	GlobalSection(ExtensibilityGlobals) = postSolution
		SolutionGuid = {3EABF61E-6689-49C9-BC61-97249F129609}
	EndGlobalSection
EndGlobal
